
Microsoft Visual Studio Solution File, Format Version 12.00
# Visual Studio Version 17
VisualStudioVersion = 17.14.36221.1 d17.14
MinimumVisualStudioVersion = 10.0.40219.1
Project("{FAE04EC0-301F-11D3-BF4B-00C04F79EFBC}") = "assignment", "assignment\assignment.csproj", "{BB9A4352-6020-43BC-BA58-48DF417E8383}"
EndProject
Global
	GlobalSection(SolutionConfigurationPlatforms) = preSolution
		Debug|Any CPU = Debug|Any CPU
		Release|Any CPU = Release|Any CPU
	EndGlobalSection
	GlobalSection(ProjectConfigurationPlatforms) = postSolution
		{BB9A4352-6020-43BC-BA58-48DF417E8383}.Debug|Any CPU.ActiveCfg = Debug|Any CPU
		{BB9A4352-6020-43BC-BA58-48DF417E8383}.Debug|Any CPU.Build.0 = Debug|Any CPU
		{BB9A4352-6020-43BC-BA58-48DF417E8383}.Release|Any CPU.ActiveCfg = Release|Any CPU
		{BB9A4352-6020-43BC-BA58-48DF417E8383}.Release|Any CPU.Build.0 = Release|Any CPU
	EndGlobalSection
	GlobalSection(SolutionProperties) = preSolution
		HideSolutionNode = FALSE
	EndGlobalSection
	GlobalSection(ExtensibilityGlobals) = postSolution
		SolutionGuid = {1866D437-18F4-4FBD-852D-21F599B333D5}
	EndGlobalSection
EndGlobal
